// !$*UTF8*$!
{
	archiveVersion = 1;
	classes = {
	};
	objectVersion = 48;
	objects = {

/* Begin PBXBuildFile section */
		17DFDD63211E7BE40060A993 /* AppDelegate.swift in Sources */ = {isa = PBXBuildFile; fileRef = 17DFDD62211E7BE40060A993 /* AppDelegate.swift */; };
		17DFDD65211E7BE40060A993 /* ListViewController.swift in Sources */ = {isa = PBXBuildFile; fileRef = 17DFDD64211E7BE40060A993 /* ListViewController.swift */; };
		17DFDD6A211E7BF10060A993 /* Assets.xcassets in Resources */ = {isa = PBXBuildFile; fileRef = 17DFDD69211E7BF10060A993 /* Assets.xcassets */; };
		17DFDD6D211E7BF10060A993 /* LaunchScreen.storyboard in Resources */ = {isa = PBXBuildFile; fileRef = 17DFDD6B211E7BF10060A993 /* LaunchScreen.storyboard */; };
		17DFDD75211E7D840060A993 /* ListViewController.xib in Resources */ = {isa = PBXBuildFile; fileRef = 17DFDD74211E7D840060A993 /* ListViewController.xib */; };
		210CC90E2165B1D1007D4EF4 /* RepositoryCell.swift in Sources */ = {isa = PBXBuildFile; fileRef = 210CC90C2165B1D1007D4EF4 /* RepositoryCell.swift */; };
		210CC90F2165B1D1007D4EF4 /* RepositoryCell.xib in Resources */ = {isa = PBXBuildFile; fileRef = 210CC90D2165B1D1007D4EF4 /* RepositoryCell.xib */; };
		210F6D22218A979F00FFE5D9 /* GitHubClient.swift in Sources */ = {isa = PBXBuildFile; fileRef = 210F6D21218A979F00FFE5D9 /* GitHubClient.swift */; };
		210F6D25218A97B100FFE5D9 /* HTTPMethod.swift in Sources */ = {isa = PBXBuildFile; fileRef = 210F6D23218A97B100FFE5D9 /* HTTPMethod.swift */; };
		210F6D26218A97B100FFE5D9 /* GitHubAPI.swift in Sources */ = {isa = PBXBuildFile; fileRef = 210F6D24218A97B100FFE5D9 /* GitHubAPI.swift */; };
		215B6A58217828DA00C64791 /* User.swift in Sources */ = {isa = PBXBuildFile; fileRef = 215B6A57217828DA00C64791 /* User.swift */; };
		215B6A5A21782CF700C64791 /* Repository.swift in Sources */ = {isa = PBXBuildFile; fileRef = 215B6A5921782CF700C64791 /* Repository.swift */; };
		215B6A5C21782D5E00C64791 /* SearchResponse.swift in Sources */ = {isa = PBXBuildFile; fileRef = 215B6A5B21782D5E00C64791 /* SearchResponse.swift */; };
		215B6A5E21782DE000C64791 /* GitHubClientError.swift in Sources */ = {isa = PBXBuildFile; fileRef = 215B6A5D21782DE000C64791 /* GitHubClientError.swift */; };
		215B6A6021782E4700C64791 /* GitHubAPIError.swift in Sources */ = {isa = PBXBuildFile; fileRef = 215B6A5F21782E4700C64791 /* GitHubAPIError.swift */; };
		218E9C6F215C7EEE007CF377 /* DetailViewController.swift in Sources */ = {isa = PBXBuildFile; fileRef = 218E9C6D215C7EEE007CF377 /* DetailViewController.swift */; };
		218E9C70215C7EEE007CF377 /* DetailViewController.xib in Resources */ = {isa = PBXBuildFile; fileRef = 218E9C6E215C7EEE007CF377 /* DetailViewController.xib */; };
		21ABE8FE21815E6A001644D1 /* GitHubRequest.swift in Sources */ = {isa = PBXBuildFile; fileRef = 21ABE8FD21815E6A001644D1 /* GitHubRequest.swift */; };
/* End PBXBuildFile section */

/* Begin PBXFileReference section */
		17DFDD5F211E7BE40060A993 /* swift-rindoku-sample.app */ = {isa = PBXFileReference; explicitFileType = wrapper.application; includeInIndex = 0; path = "swift-rindoku-sample.app"; sourceTree = BUILT_PRODUCTS_DIR; };
		17DFDD62211E7BE40060A993 /* AppDelegate.swift */ = {isa = PBXFileReference; lastKnownFileType = sourcecode.swift; path = AppDelegate.swift; sourceTree = "<group>"; };
		17DFDD64211E7BE40060A993 /* ListViewController.swift */ = {isa = PBXFileReference; lastKnownFileType = sourcecode.swift; path = ListViewController.swift; sourceTree = "<group>"; };
		17DFDD69211E7BF10060A993 /* Assets.xcassets */ = {isa = PBXFileReference; lastKnownFileType = folder.assetcatalog; path = Assets.xcassets; sourceTree = "<group>"; };
		17DFDD6C211E7BF10060A993 /* Base */ = {isa = PBXFileReference; lastKnownFileType = file.storyboard; name = Base; path = Base.lproj/LaunchScreen.storyboard; sourceTree = "<group>"; };
		17DFDD6E211E7BF10060A993 /* Info.plist */ = {isa = PBXFileReference; lastKnownFileType = text.plist.xml; path = Info.plist; sourceTree = "<group>"; };
		17DFDD74211E7D840060A993 /* ListViewController.xib */ = {isa = PBXFileReference; lastKnownFileType = file.xib; path = ListViewController.xib; sourceTree = "<group>"; };
		210CC90C2165B1D1007D4EF4 /* RepositoryCell.swift */ = {isa = PBXFileReference; lastKnownFileType = sourcecode.swift; path = RepositoryCell.swift; sourceTree = "<group>"; };
		210CC90D2165B1D1007D4EF4 /* RepositoryCell.xib */ = {isa = PBXFileReference; lastKnownFileType = file.xib; path = RepositoryCell.xib; sourceTree = "<group>"; };
		210F6D21218A979F00FFE5D9 /* GitHubClient.swift */ = {isa = PBXFileReference; fileEncoding = 4; lastKnownFileType = sourcecode.swift; path = GitHubClient.swift; sourceTree = "<group>"; };
		210F6D23218A97B100FFE5D9 /* HTTPMethod.swift */ = {isa = PBXFileReference; fileEncoding = 4; lastKnownFileType = sourcecode.swift; path = HTTPMethod.swift; sourceTree = "<group>"; };
		210F6D24218A97B100FFE5D9 /* GitHubAPI.swift */ = {isa = PBXFileReference; fileEncoding = 4; lastKnownFileType = sourcecode.swift; path = GitHubAPI.swift; sourceTree = "<group>"; };
		215B6A57217828DA00C64791 /* User.swift */ = {isa = PBXFileReference; lastKnownFileType = sourcecode.swift; path = User.swift; sourceTree = "<group>"; };
		215B6A5921782CF700C64791 /* Repository.swift */ = {isa = PBXFileReference; lastKnownFileType = sourcecode.swift; path = Repository.swift; sourceTree = "<group>"; };
		215B6A5B21782D5E00C64791 /* SearchResponse.swift */ = {isa = PBXFileReference; lastKnownFileType = sourcecode.swift; path = SearchResponse.swift; sourceTree = "<group>"; };
		215B6A5D21782DE000C64791 /* GitHubClientError.swift */ = {isa = PBXFileReference; lastKnownFileType = sourcecode.swift; path = GitHubClientError.swift; sourceTree = "<group>"; };
		215B6A5F21782E4700C64791 /* GitHubAPIError.swift */ = {isa = PBXFileReference; lastKnownFileType = sourcecode.swift; path = GitHubAPIError.swift; sourceTree = "<group>"; };
		218E9C6D215C7EEE007CF377 /* DetailViewController.swift */ = {isa = PBXFileReference; lastKnownFileType = sourcecode.swift; path = DetailViewController.swift; sourceTree = "<group>"; };
		218E9C6E215C7EEE007CF377 /* DetailViewController.xib */ = {isa = PBXFileReference; lastKnownFileType = file.xib; path = DetailViewController.xib; sourceTree = "<group>"; };
		21ABE8FD21815E6A001644D1 /* GitHubRequest.swift */ = {isa = PBXFileReference; lastKnownFileType = sourcecode.swift; path = GitHubRequest.swift; sourceTree = "<group>"; };
/* End PBXFileReference section */

/* Begin PBXFrameworksBuildPhase section */
		17DFDD5C211E7BE40060A993 /* Frameworks */ = {
			isa = PBXFrameworksBuildPhase;
			buildActionMask = 2147483647;
			files = (
			);
			runOnlyForDeploymentPostprocessing = 0;
		};
/* End PBXFrameworksBuildPhase section */

/* Begin PBXGroup section */
		17DFDD56211E7BE40060A993 = {
			isa = PBXGroup;
			children = (
				17DFDD61211E7BE40060A993 /* swift-rindoku-sample */,
				17DFDD60211E7BE40060A993 /* Products */,
			);
			sourceTree = "<group>";
		};
		17DFDD60211E7BE40060A993 /* Products */ = {
			isa = PBXGroup;
			children = (
				17DFDD5F211E7BE40060A993 /* swift-rindoku-sample.app */,
			);
			name = Products;
			sourceTree = "<group>";
		};
		17DFDD61211E7BE40060A993 /* swift-rindoku-sample */ = {
			isa = PBXGroup;
			children = (
				215B6A532178286900C64791 /* GitHubClient */,
				17DFDD62211E7BE40060A993 /* AppDelegate.swift */,
				17DFDD64211E7BE40060A993 /* ListViewController.swift */,
				17DFDD74211E7D840060A993 /* ListViewController.xib */,
				17DFDD69211E7BF10060A993 /* Assets.xcassets */,
				17DFDD6B211E7BF10060A993 /* LaunchScreen.storyboard */,
				17DFDD6E211E7BF10060A993 /* Info.plist */,
				218E9C6D215C7EEE007CF377 /* DetailViewController.swift */,
				218E9C6E215C7EEE007CF377 /* DetailViewController.xib */,
				210CC90C2165B1D1007D4EF4 /* RepositoryCell.swift */,
				210CC90D2165B1D1007D4EF4 /* RepositoryCell.xib */,
			);
			path = "swift-rindoku-sample";
			sourceTree = "<group>";
		};
		215B6A532178286900C64791 /* GitHubClient */ = {
			isa = PBXGroup;
			children = (
				210F6D21218A979F00FFE5D9 /* GitHubClient.swift */,
				215B6A56217828B600C64791 /* Response */,
				215B6A552178288D00C64791 /* Error */,
				215B6A542178287C00C64791 /* Request */,
			);
			path = GitHubClient;
			sourceTree = "<group>";
		};
		215B6A542178287C00C64791 /* Request */ = {
			isa = PBXGroup;
			children = (
				210F6D24218A97B100FFE5D9 /* GitHubAPI.swift */,
				210F6D23218A97B100FFE5D9 /* HTTPMethod.swift */,
				21ABE8FD21815E6A001644D1 /* GitHubRequest.swift */,
			);
			path = Request;
			sourceTree = "<group>";
		};
		215B6A552178288D00C64791 /* Error */ = {
			isa = PBXGroup;
			children = (
				215B6A5D21782DE000C64791 /* GitHubClientError.swift */,
				215B6A5F21782E4700C64791 /* GitHubAPIError.swift */,
			);
			path = Error;
			sourceTree = "<group>";
		};
		215B6A56217828B600C64791 /* Response */ = {
			isa = PBXGroup;
			children = (
				215B6A57217828DA00C64791 /* User.swift */,
				215B6A5921782CF700C64791 /* Repository.swift */,
				215B6A5B21782D5E00C64791 /* SearchResponse.swift */,
			);
			path = Response;
			sourceTree = "<group>";
		};
/* End PBXGroup section */

/* Begin PBXNativeTarget section */
		17DFDD5E211E7BE40060A993 /* swift-rindoku-sample */ = {
			isa = PBXNativeTarget;
			buildConfigurationList = 17DFDD71211E7BF10060A993 /* Build configuration list for PBXNativeTarget "swift-rindoku-sample" */;
			buildPhases = (
				17DFDD5B211E7BE40060A993 /* Sources */,
				17DFDD5C211E7BE40060A993 /* Frameworks */,
				17DFDD5D211E7BE40060A993 /* Resources */,
			);
			buildRules = (
			);
			dependencies = (
			);
			name = "swift-rindoku-sample";
			productName = "swift-rindoku-sample";
			productReference = 17DFDD5F211E7BE40060A993 /* swift-rindoku-sample.app */;
			productType = "com.apple.product-type.application";
		};
/* End PBXNativeTarget section */

/* Begin PBXProject section */
		17DFDD57211E7BE40060A993 /* Project object */ = {
			isa = PBXProject;
			attributes = {
				LastSwiftUpdateCheck = 1000;
				LastUpgradeCheck = 1000;
				ORGANIZATIONNAME = hicka04;
				TargetAttributes = {
					17DFDD5E211E7BE40060A993 = {
						CreatedOnToolsVersion = 10.0;
						ProvisioningStyle = Automatic;
					};
				};
			};
			buildConfigurationList = 17DFDD5A211E7BE40060A993 /* Build configuration list for PBXProject "swift-rindoku-sample" */;
			compatibilityVersion = "Xcode 8.0";
			developmentRegion = en;
			hasScannedForEncodings = 0;
			knownRegions = (
				en,
				Base,
			);
			mainGroup = 17DFDD56211E7BE40060A993;
			productRefGroup = 17DFDD60211E7BE40060A993 /* Products */;
			projectDirPath = "";
			projectRoot = "";
			targets = (
				17DFDD5E211E7BE40060A993 /* swift-rindoku-sample */,
			);
		};
/* End PBXProject section */

/* Begin PBXResourcesBuildPhase section */
		17DFDD5D211E7BE40060A993 /* Resources */ = {
			isa = PBXResourcesBuildPhase;
			buildActionMask = 2147483647;
			files = (
				17DFDD6D211E7BF10060A993 /* LaunchScreen.storyboard in Resources */,
				17DFDD6A211E7BF10060A993 /* Assets.xcassets in Resources */,
				17DFDD75211E7D840060A993 /* ListViewController.xib in Resources */,
				210CC90F2165B1D1007D4EF4 /* RepositoryCell.xib in Resources */,
				218E9C70215C7EEE007CF377 /* DetailViewController.xib in Resources */,
			);
			runOnlyForDeploymentPostprocessing = 0;
		};
/* End PBXResourcesBuildPhase section */

/* Begin PBXSourcesBuildPhase section */
		17DFDD5B211E7BE40060A993 /* Sources */ = {
			isa = PBXSourcesBuildPhase;
			buildActionMask = 2147483647;
			files = (
				21ABE8FE21815E6A001644D1 /* GitHubRequest.swift in Sources */,
				215B6A5C21782D5E00C64791 /* SearchResponse.swift in Sources */,
				218E9C6F215C7EEE007CF377 /* DetailViewController.swift in Sources */,
				215B6A5A21782CF700C64791 /* Repository.swift in Sources */,
				210F6D26218A97B100FFE5D9 /* GitHubAPI.swift in Sources */,
				17DFDD65211E7BE40060A993 /* ListViewController.swift in Sources */,
				17DFDD63211E7BE40060A993 /* AppDelegate.swift in Sources */,
				215B6A58217828DA00C64791 /* User.swift in Sources */,
				210F6D22218A979F00FFE5D9 /* GitHubClient.swift in Sources */,
				210F6D25218A97B100FFE5D9 /* HTTPMethod.swift in Sources */,
				215B6A5E21782DE000C64791 /* GitHubClientError.swift in Sources */,
				215B6A6021782E4700C64791 /* GitHubAPIError.swift in Sources */,
				210CC90E2165B1D1007D4EF4 /* RepositoryCell.swift in Sources */,
			);
			runOnlyForDeploymentPostprocessing = 0;
		};
/* End PBXSourcesBuildPhase section */

/* Begin PBXVariantGroup section */
		17DFDD6B211E7BF10060A993 /* LaunchScreen.storyboard */ = {
			isa = PBXVariantGroup;
			children = (
				17DFDD6C211E7BF10060A993 /* Base */,
			);
			name = LaunchScreen.storyboard;
			sourceTree = "<group>";
		};
/* End PBXVariantGroup section */

/* Begin XCBuildConfiguration section */
		17DFDD6F211E7BF10060A993 /* Debug */ = {
			isa = XCBuildConfiguration;
			buildSettings = {
				ALWAYS_SEARCH_USER_PATHS = NO;
				CLANG_ANALYZER_NONNULL = YES;
				CLANG_ANALYZER_NUMBER_OBJECT_CONVERSION = YES_AGGRESSIVE;
				CLANG_CXX_LANGUAGE_STANDARD = "gnu++14";
				CLANG_CXX_LIBRARY = "libc++";
				CLANG_ENABLE_MODULES = YES;
				CLANG_ENABLE_OBJC_ARC = YES;
				CLANG_ENABLE_OBJC_WEAK = YES;
				CLANG_WARN_BLOCK_CAPTURE_AUTORELEASING = YES;
				CLANG_WARN_BOOL_CONVERSION = YES;
				CLANG_WARN_COMMA = YES;
				CLANG_WARN_CONSTANT_CONVERSION = YES;
				CLANG_WARN_DEPRECATED_OBJC_IMPLEMENTATIONS = YES;
				CLANG_WARN_DIRECT_OBJC_ISA_USAGE = YES_ERROR;
				CLANG_WARN_DOCUMENTATION_COMMENTS = YES;
				CLANG_WARN_EMPTY_BODY = YES;
				CLANG_WARN_ENUM_CONVERSION = YES;
				CLANG_WARN_INFINITE_RECURSION = YES;
				CLANG_WARN_INT_CONVERSION = YES;
				CLANG_WARN_NON_LITERAL_NULL_CONVERSION = YES;
				CLANG_WARN_OBJC_IMPLICIT_RETAIN_SELF = YES;
				CLANG_WARN_OBJC_LITERAL_CONVERSION = YES;
				CLANG_WARN_OBJC_ROOT_CLASS = YES_ERROR;
				CLANG_WARN_RANGE_LOOP_ANALYSIS = YES;
				CLANG_WARN_STRICT_PROTOTYPES = YES;
				CLANG_WARN_SUSPICIOUS_MOVE = YES;
				CLANG_WARN_UNGUARDED_AVAILABILITY = YES_AGGRESSIVE;
				CLANG_WARN_UNREACHABLE_CODE = YES;
				CLANG_WARN__DUPLICATE_METHOD_MATCH = YES;
				CODE_SIGN_IDENTITY = "iPhone Developer";
				COPY_PHASE_STRIP = NO;
				DEBUG_INFORMATION_FORMAT = dwarf;
				ENABLE_STRICT_OBJC_MSGSEND = YES;
				ENABLE_TESTABILITY = YES;
				GCC_C_LANGUAGE_STANDARD = gnu11;
				GCC_DYNAMIC_NO_PIC = NO;
				GCC_NO_COMMON_BLOCKS = YES;
				GCC_OPTIMIZATION_LEVEL = 0;
				GCC_PREPROCESSOR_DEFINITIONS = (
					"DEBUG=1",
					"$(inherited)",
				);
				GCC_WARN_64_TO_32_BIT_CONVERSION = YES;
				GCC_WARN_ABOUT_RETURN_TYPE = YES_ERROR;
				GCC_WARN_UNDECLARED_SELECTOR = YES;
				GCC_WARN_UNINITIALIZED_AUTOS = YES_AGGRESSIVE;
				GCC_WARN_UNUSED_FUNCTION = YES;
				GCC_WARN_UNUSED_VARIABLE = YES;
				IPHONEOS_DEPLOYMENT_TARGET = 12.0;
				MTL_ENABLE_DEBUG_INFO = INCLUDE_SOURCE;
				ONLY_ACTIVE_ARCH = YES;
				SDKROOT = iphoneos;
				SWIFT_ACTIVE_COMPILATION_CONDITIONS = DEBUG;
				SWIFT_OPTIMIZATION_LEVEL = "-Onone";
			};
			name = Debug;
		};
		17DFDD70211E7BF10060A993 /* Release */ = {
			isa = XCBuildConfiguration;
			buildSettings = {
				ALWAYS_SEARCH_USER_PATHS = NO;
				CLANG_ANALYZER_NONNULL = YES;
				CLANG_ANALYZER_NUMBER_OBJECT_CONVERSION = YES_AGGRESSIVE;
				CLANG_CXX_LANGUAGE_STANDARD = "gnu++14";
				CLANG_CXX_LIBRARY = "libc++";
				CLANG_ENABLE_MODULES = YES;
				CLANG_ENABLE_OBJC_ARC = YES;
				CLANG_ENABLE_OBJC_WEAK = YES;
				CLANG_WARN_BLOCK_CAPTURE_AUTORELEASING = YES;
				CLANG_WARN_BOOL_CONVERSION = YES;
				CLANG_WARN_COMMA = YES;
				CLANG_WARN_CONSTANT_CONVERSION = YES;
				CLANG_WARN_DEPRECATED_OBJC_IMPLEMENTATIONS = YES;
				CLANG_WARN_DIRECT_OBJC_ISA_USAGE = YES_ERROR;
				CLANG_WARN_DOCUMENTATION_COMMENTS = YES;
				CLANG_WARN_EMPTY_BODY = YES;
				CLANG_WARN_ENUM_CONVERSION = YES;
				CLANG_WARN_INFINITE_RECURSION = YES;
				CLANG_WARN_INT_CONVERSION = YES;
				CLANG_WARN_NON_LITERAL_NULL_CONVERSION = YES;
				CLANG_WARN_OBJC_IMPLICIT_RETAIN_SELF = YES;
				CLANG_WARN_OBJC_LITERAL_CONVERSION = YES;
				CLANG_WARN_OBJC_ROOT_CLASS = YES_ERROR;
				CLANG_WARN_RANGE_LOOP_ANALYSIS = YES;
				CLANG_WARN_STRICT_PROTOTYPES = YES;
				CLANG_WARN_SUSPICIOUS_MOVE = YES;
				CLANG_WARN_UNGUARDED_AVAILABILITY = YES_AGGRESSIVE;
				CLANG_WARN_UNREACHABLE_CODE = YES;
				CLANG_WARN__DUPLICATE_METHOD_MATCH = YES;
				CODE_SIGN_IDENTITY = "iPhone Developer";
				COPY_PHASE_STRIP = NO;
				DEBUG_INFORMATION_FORMAT = "dwarf-with-dsym";
				ENABLE_NS_ASSERTIONS = NO;
				ENABLE_STRICT_OBJC_MSGSEND = YES;
				GCC_C_LANGUAGE_STANDARD = gnu11;
				GCC_NO_COMMON_BLOCKS = YES;
				GCC_WARN_64_TO_32_BIT_CONVERSION = YES;
				GCC_WARN_ABOUT_RETURN_TYPE = YES_ERROR;
				GCC_WARN_UNDECLARED_SELECTOR = YES;
				GCC_WARN_UNINITIALIZED_AUTOS = YES_AGGRESSIVE;
				GCC_WARN_UNUSED_FUNCTION = YES;
				GCC_WARN_UNUSED_VARIABLE = YES;
				IPHONEOS_DEPLOYMENT_TARGET = 12.0;
				MTL_ENABLE_DEBUG_INFO = NO;
				SDKROOT = iphoneos;
				SWIFT_OPTIMIZATION_LEVEL = "-Owholemodule";
				VALIDATE_PRODUCT = YES;
			};
			name = Release;
		};
		17DFDD72211E7BF10060A993 /* Debug */ = {
			isa = XCBuildConfiguration;
			buildSettings = {
				ASSETCATALOG_COMPILER_APPICON_NAME = AppIcon;
				CODE_SIGN_STYLE = Automatic;
				DEVELOPMENT_TEAM = R5FG3RJPRN;
				INFOPLIST_FILE = "swift-rindoku-sample/Info.plist";
				IPHONEOS_DEPLOYMENT_TARGET = 11.4;
				LD_RUNPATH_SEARCH_PATHS = "$(inherited) @executable_path/Frameworks";
				PRODUCT_BUNDLE_IDENTIFIER = "com.hicka04.swift-rindoku-sample";
				PRODUCT_NAME = "$(TARGET_NAME)";
				SWIFT_VERSION = 4.2;
				TARGETED_DEVICE_FAMILY = "1,2";
			};
			name = Debug;
		};
		17DFDD73211E7BF10060A993 /* Release */ = {
			isa = XCBuildConfiguration;
			buildSettings = {
				ASSETCATALOG_COMPILER_APPICON_NAME = AppIcon;
				CODE_SIGN_STYLE = Automatic;
				DEVELOPMENT_TEAM = R5FG3RJPRN;
				INFOPLIST_FILE = "swift-rindoku-sample/Info.plist";
				IPHONEOS_DEPLOYMENT_TARGET = 11.4;
				LD_RUNPATH_SEARCH_PATHS = "$(inherited) @executable_path/Frameworks";
				PRODUCT_BUNDLE_IDENTIFIER = "com.hicka04.swift-rindoku-sample";
				PRODUCT_NAME = "$(TARGET_NAME)";
				SWIFT_VERSION = 4.2;
				TARGETED_DEVICE_FAMILY = "1,2";
			};
			name = Release;
		};
/* End XCBuildConfiguration section */

/* Begin XCConfigurationList section */
		17DFDD5A211E7BE40060A993 /* Build configuration list for PBXProject "swift-rindoku-sample" */ = {
			isa = XCConfigurationList;
			buildConfigurations = (
				17DFDD6F211E7BF10060A993 /* Debug */,
				17DFDD70211E7BF10060A993 /* Release */,
			);
			defaultConfigurationIsVisible = 0;
			defaultConfigurationName = Release;
		};
		17DFDD71211E7BF10060A993 /* Build configuration list for PBXNativeTarget "swift-rindoku-sample" */ = {
			isa = XCConfigurationList;
			buildConfigurations = (
				17DFDD72211E7BF10060A993 /* Debug */,
				17DFDD73211E7BF10060A993 /* Release */,
			);
			defaultConfigurationIsVisible = 0;
			defaultConfigurationName = Release;
		};
/* End XCConfigurationList section */
	};
	rootObject = 17DFDD57211E7BE40060A993 /* Project object */;
}
